
Microsoft Visual Studio Solution File, Format Version 12.00
# Visual Studio Version 17
VisualStudioVersion = 17.8.34330.188
MinimumVisualStudioVersion = 10.0.40219.1
Project("{FAE04EC0-301F-11D3-BF4B-00C04F79EFBC}") = "Bookshopemployee", "Bookshopemployee\Bookshopemployee.csproj", "{C340CE07-94A6-4F53-A7AC-DD3135117125}"
EndProject
Global
	GlobalSection(SolutionConfigurationPlatforms) = preSolution
		Debug|Any CPU = Debug|Any CPU
		Release|Any CPU = Release|Any CPU
	EndGlobalSection
	GlobalSection(ProjectConfigurationPlatforms) = postSolution
		{C340CE07-94A6-4F53-A7AC-DD3135117125}.Debug|Any CPU.ActiveCfg = Debug|Any CPU
		{C340CE07-94A6-4F53-A7AC-DD3135117125}.Debug|Any CPU.Build.0 = Debug|Any CPU
		{C340CE07-94A6-4F53-A7AC-DD3135117125}.Release|Any CPU.ActiveCfg = Release|Any CPU
		{C340CE07-94A6-4F53-A7AC-DD3135117125}.Release|Any CPU.Build.0 = Release|Any CPU
	EndGlobalSection
	GlobalSection(SolutionProperties) = preSolution
		HideSolutionNode = FALSE
	EndGlobalSection
	GlobalSection(ExtensibilityGlobals) = postSolution
		SolutionGuid = {30BD0E0B-7D84-4CFC-A78C-E929CB307ADD}
	EndGlobalSection
EndGlobal
